// !$*UTF8*$!
{
	archiveVersion = 1;
	classes = {
	};
	objectVersion = 46;
	objects = {

/* Begin PBXBuildFile section */
		A9C64B1D1DEE70CF00FB2E2D /* main.m in Sources */ = {isa = PBXBuildFile; fileRef = A9C64B1C1DEE70CF00FB2E2D /* main.m */; };
		A9C64B201DEE70CF00FB2E2D /* AppDelegate.m in Sources */ = {isa = PBXBuildFile; fileRef = A9C64B1F1DEE70CF00FB2E2D /* AppDelegate.m */; };
		A9C64B231DEE70CF00FB2E2D /* ViewController.m in Sources */ = {isa = PBXBuildFile; fileRef = A9C64B221DEE70CF00FB2E2D /* ViewController.m */; };
		A9C64B261DEE70CF00FB2E2D /* Main.storyboard in Resources */ = {isa = PBXBuildFile; fileRef = A9C64B241DEE70CF00FB2E2D /* Main.storyboard */; };
		A9C64B281DEE70CF00FB2E2D /* Assets.xcassets in Resources */ = {isa = PBXBuildFile; fileRef = A9C64B271DEE70CF00FB2E2D /* Assets.xcassets */; };
		A9C64B2B1DEE70CF00FB2E2D /* LaunchScreen.storyboard in Resources */ = {isa = PBXBuildFile; fileRef = A9C64B291DEE70CF00FB2E2D /* LaunchScreen.storyboard */; };
		A9C64B361DEE70CF00FB2E2D /* black_War_BoxTests.m in Sources */ = {isa = PBXBuildFile; fileRef = A9C64B351DEE70CF00FB2E2D /* black_War_BoxTests.m */; };
		A9C64B411DEE70CF00FB2E2D /* black_War_BoxUITests.m in Sources */ = {isa = PBXBuildFile; fileRef = A9C64B401DEE70CF00FB2E2D /* black_War_BoxUITests.m */; };
		A9C64B511DEE711700FB2E2D /* AutoAttentionView.m in Sources */ = {isa = PBXBuildFile; fileRef = A9C64B501DEE711700FB2E2D /* AutoAttentionView.m */; };
		A9C64B541DEE766A00FB2E2D /* UILabel+aav.m in Sources */ = {isa = PBXBuildFile; fileRef = A9C64B531DEE766A00FB2E2D /* UILabel+aav.m */; };
		A9C64B7E1DEEF3B400FB2E2D /* icon_wu.png in Resources */ = {isa = PBXBuildFile; fileRef = A9C64B7B1DEEF3B400FB2E2D /* icon_wu.png */; };
		A9C64B7F1DEEF3B400FB2E2D /* icon_wu@2x.png in Resources */ = {isa = PBXBuildFile; fileRef = A9C64B7C1DEEF3B400FB2E2D /* icon_wu@2x.png */; };
		A9C64B801DEEF3B400FB2E2D /* icon_wu@3x.png in Resources */ = {isa = PBXBuildFile; fileRef = A9C64B7D1DEEF3B400FB2E2D /* icon_wu@3x.png */; };
		A9C64B9C1DEEF4D900FB2E2D /* MASCompositeConstraint.m in Sources */ = {isa = PBXBuildFile; fileRef = A9C64B841DEEF4D900FB2E2D /* MASCompositeConstraint.m */; };
		A9C64B9D1DEEF4D900FB2E2D /* MASConstraint.m in Sources */ = {isa = PBXBuildFile; fileRef = A9C64B871DEEF4D900FB2E2D /* MASConstraint.m */; };
		A9C64B9E1DEEF4D900FB2E2D /* MASConstraintMaker.m in Sources */ = {isa = PBXBuildFile; fileRef = A9C64B891DEEF4D900FB2E2D /* MASConstraintMaker.m */; };
		A9C64B9F1DEEF4D900FB2E2D /* MASLayoutConstraint.m in Sources */ = {isa = PBXBuildFile; fileRef = A9C64B8B1DEEF4D900FB2E2D /* MASLayoutConstraint.m */; };
		A9C64BA01DEEF4D900FB2E2D /* MASViewAttribute.m in Sources */ = {isa = PBXBuildFile; fileRef = A9C64B8F1DEEF4D900FB2E2D /* MASViewAttribute.m */; };
		A9C64BA11DEEF4D900FB2E2D /* MASViewConstraint.m in Sources */ = {isa = PBXBuildFile; fileRef = A9C64B911DEEF4D900FB2E2D /* MASViewConstraint.m */; };
		A9C64BA21DEEF4D900FB2E2D /* NSArray+MASAdditions.m in Sources */ = {isa = PBXBuildFile; fileRef = A9C64B931DEEF4D900FB2E2D /* NSArray+MASAdditions.m */; };
		A9C64BA31DEEF4D900FB2E2D /* NSLayoutConstraint+MASDebugAdditions.m in Sources */ = {isa = PBXBuildFile; fileRef = A9C64B961DEEF4D900FB2E2D /* NSLayoutConstraint+MASDebugAdditions.m */; };
		A9C64BA41DEEF4D900FB2E2D /* View+MASAdditions.m in Sources */ = {isa = PBXBuildFile; fileRef = A9C64B981DEEF4D900FB2E2D /* View+MASAdditions.m */; };
		A9C64BA51DEEF4D900FB2E2D /* ViewController+MASAdditions.m in Sources */ = {isa = PBXBuildFile; fileRef = A9C64B9B1DEEF4D900FB2E2D /* ViewController+MASAdditions.m */; };
/* End PBXBuildFile section */

/* Begin PBXContainerItemProxy section */
		A9C64B321DEE70CF00FB2E2D /* PBXContainerItemProxy */ = {
			isa = PBXContainerItemProxy;
			containerPortal = A9C64B101DEE70CF00FB2E2D /* Project object */;
			proxyType = 1;
			remoteGlobalIDString = A9C64B171DEE70CF00FB2E2D;
			remoteInfo = black_War_Box;
		};
		A9C64B3D1DEE70CF00FB2E2D /* PBXContainerItemProxy */ = {
			isa = PBXContainerItemProxy;
			containerPortal = A9C64B101DEE70CF00FB2E2D /* Project object */;
			proxyType = 1;
			remoteGlobalIDString = A9C64B171DEE70CF00FB2E2D;
			remoteInfo = black_War_Box;
		};
/* End PBXContainerItemProxy section */

/* Begin PBXFileReference section */
		A9C64B181DEE70CF00FB2E2D /* black_War_Box.app */ = {isa = PBXFileReference; explicitFileType = wrapper.application; includeInIndex = 0; path = black_War_Box.app; sourceTree = BUILT_PRODUCTS_DIR; };
		A9C64B1C1DEE70CF00FB2E2D /* main.m */ = {isa = PBXFileReference; lastKnownFileType = sourcecode.c.objc; path = main.m; sourceTree = "<group>"; };
		A9C64B1E1DEE70CF00FB2E2D /* AppDelegate.h */ = {isa = PBXFileReference; lastKnownFileType = sourcecode.c.h; path = AppDelegate.h; sourceTree = "<group>"; };
		A9C64B1F1DEE70CF00FB2E2D /* AppDelegate.m */ = {isa = PBXFileReference; lastKnownFileType = sourcecode.c.objc; path = AppDelegate.m; sourceTree = "<group>"; };
		A9C64B211DEE70CF00FB2E2D /* ViewController.h */ = {isa = PBXFileReference; lastKnownFileType = sourcecode.c.h; path = ViewController.h; sourceTree = "<group>"; };
		A9C64B221DEE70CF00FB2E2D /* ViewController.m */ = {isa = PBXFileReference; lastKnownFileType = sourcecode.c.objc; path = ViewController.m; sourceTree = "<group>"; };
		A9C64B251DEE70CF00FB2E2D /* Base */ = {isa = PBXFileReference; lastKnownFileType = file.storyboard; name = Base; path = Base.lproj/Main.storyboard; sourceTree = "<group>"; };
		A9C64B271DEE70CF00FB2E2D /* Assets.xcassets */ = {isa = PBXFileReference; lastKnownFileType = folder.assetcatalog; path = Assets.xcassets; sourceTree = "<group>"; };
		A9C64B2A1DEE70CF00FB2E2D /* Base */ = {isa = PBXFileReference; lastKnownFileType = file.storyboard; name = Base; path = Base.lproj/LaunchScreen.storyboard; sourceTree = "<group>"; };
		A9C64B2C1DEE70CF00FB2E2D /* Info.plist */ = {isa = PBXFileReference; lastKnownFileType = text.plist.xml; path = Info.plist; sourceTree = "<group>"; };
		A9C64B311DEE70CF00FB2E2D /* black_War_BoxTests.xctest */ = {isa = PBXFileReference; explicitFileType = wrapper.cfbundle; includeInIndex = 0; path = black_War_BoxTests.xctest; sourceTree = BUILT_PRODUCTS_DIR; };
		A9C64B351DEE70CF00FB2E2D /* black_War_BoxTests.m */ = {isa = PBXFileReference; lastKnownFileType = sourcecode.c.objc; path = black_War_BoxTests.m; sourceTree = "<group>"; };
		A9C64B371DEE70CF00FB2E2D /* Info.plist */ = {isa = PBXFileReference; lastKnownFileType = text.plist.xml; path = Info.plist; sourceTree = "<group>"; };
		A9C64B3C1DEE70CF00FB2E2D /* black_War_BoxUITests.xctest */ = {isa = PBXFileReference; explicitFileType = wrapper.cfbundle; includeInIndex = 0; path = black_War_BoxUITests.xctest; sourceTree = BUILT_PRODUCTS_DIR; };
		A9C64B401DEE70CF00FB2E2D /* black_War_BoxUITests.m */ = {isa = PBXFileReference; lastKnownFileType = sourcecode.c.objc; path = black_War_BoxUITests.m; sourceTree = "<group>"; };
		A9C64B421DEE70CF00FB2E2D /* Info.plist */ = {isa = PBXFileReference; lastKnownFileType = text.plist.xml; path = Info.plist; sourceTree = "<group>"; };
		A9C64B4F1DEE711700FB2E2D /* AutoAttentionView.h */ = {isa = PBXFileReference; fileEncoding = 4; lastKnownFileType = sourcecode.c.h; path = AutoAttentionView.h; sourceTree = "<group>"; };
		A9C64B501DEE711700FB2E2D /* AutoAttentionView.m */ = {isa = PBXFileReference; fileEncoding = 4; lastKnownFileType = sourcecode.c.objc; path = AutoAttentionView.m; sourceTree = "<group>"; };
		A9C64B521DEE766A00FB2E2D /* UILabel+aav.h */ = {isa = PBXFileReference; fileEncoding = 4; lastKnownFileType = sourcecode.c.h; path = "UILabel+aav.h"; sourceTree = "<group>"; };
		A9C64B531DEE766A00FB2E2D /* UILabel+aav.m */ = {isa = PBXFileReference; fileEncoding = 4; lastKnownFileType = sourcecode.c.objc; path = "UILabel+aav.m"; sourceTree = "<group>"; };
		A9C64B7B1DEEF3B400FB2E2D /* icon_wu.png */ = {isa = PBXFileReference; lastKnownFileType = image.png; path = icon_wu.png; sourceTree = "<group>"; };
		A9C64B7C1DEEF3B400FB2E2D /* icon_wu@2x.png */ = {isa = PBXFileReference; lastKnownFileType = image.png; path = "icon_wu@2x.png"; sourceTree = "<group>"; };
		A9C64B7D1DEEF3B400FB2E2D /* icon_wu@3x.png */ = {isa = PBXFileReference; lastKnownFileType = image.png; path = "icon_wu@3x.png"; sourceTree = "<group>"; };
		A9C64B831DEEF4D900FB2E2D /* MASCompositeConstraint.h */ = {isa = PBXFileReference; fileEncoding = 4; lastKnownFileType = sourcecode.c.h; path = MASCompositeConstraint.h; sourceTree = "<group>"; };
		A9C64B841DEEF4D900FB2E2D /* MASCompositeConstraint.m */ = {isa = PBXFileReference; fileEncoding = 4; lastKnownFileType = sourcecode.c.objc; path = MASCompositeConstraint.m; sourceTree = "<group>"; };
		A9C64B851DEEF4D900FB2E2D /* MASConstraint+Private.h */ = {isa = PBXFileReference; fileEncoding = 4; lastKnownFileType = sourcecode.c.h; path = "MASConstraint+Private.h"; sourceTree = "<group>"; };
		A9C64B861DEEF4D900FB2E2D /* MASConstraint.h */ = {isa = PBXFileReference; fileEncoding = 4; lastKnownFileType = sourcecode.c.h; path = MASConstraint.h; sourceTree = "<group>"; };
		A9C64B871DEEF4D900FB2E2D /* MASConstraint.m */ = {isa = PBXFileReference; fileEncoding = 4; lastKnownFileType = sourcecode.c.objc; path = MASConstraint.m; sourceTree = "<group>"; };
		A9C64B881DEEF4D900FB2E2D /* MASConstraintMaker.h */ = {isa = PBXFileReference; fileEncoding = 4; lastKnownFileType = sourcecode.c.h; path = MASConstraintMaker.h; sourceTree = "<group>"; };
		A9C64B891DEEF4D900FB2E2D /* MASConstraintMaker.m */ = {isa = PBXFileReference; fileEncoding = 4; lastKnownFileType = sourcecode.c.objc; path = MASConstraintMaker.m; sourceTree = "<group>"; };
		A9C64B8A1DEEF4D900FB2E2D /* MASLayoutConstraint.h */ = {isa = PBXFileReference; fileEncoding = 4; lastKnownFileType = sourcecode.c.h; path = MASLayoutConstraint.h; sourceTree = "<group>"; };
		A9C64B8B1DEEF4D900FB2E2D /* MASLayoutConstraint.m */ = {isa = PBXFileReference; fileEncoding = 4; lastKnownFileType = sourcecode.c.objc; path = MASLayoutConstraint.m; sourceTree = "<group>"; };
		A9C64B8C1DEEF4D900FB2E2D /* Masonry.h */ = {isa = PBXFileReference; fileEncoding = 4; lastKnownFileType = sourcecode.c.h; path = Masonry.h; sourceTree = "<group>"; };
		A9C64B8D1DEEF4D900FB2E2D /* MASUtilities.h */ = {isa = PBXFileReference; fileEncoding = 4; lastKnownFileType = sourcecode.c.h; path = MASUtilities.h; sourceTree = "<group>"; };
		A9C64B8E1DEEF4D900FB2E2D /* MASViewAttribute.h */ = {isa = PBXFileReference; fileEncoding = 4; lastKnownFileType = sourcecode.c.h; path = MASViewAttribute.h; sourceTree = "<group>"; };
		A9C64B8F1DEEF4D900FB2E2D /* MASViewAttribute.m */ = {isa = PBXFileReference; fileEncoding = 4; lastKnownFileType = sourcecode.c.objc; path = MASViewAttribute.m; sourceTree = "<group>"; };
		A9C64B901DEEF4D900FB2E2D /* MASViewConstraint.h */ = {isa = PBXFileReference; fileEncoding = 4; lastKnownFileType = sourcecode.c.h; path = MASViewConstraint.h; sourceTree = "<group>"; };
		A9C64B911DEEF4D900FB2E2D /* MASViewConstraint.m */ = {isa = PBXFileReference; fileEncoding = 4; lastKnownFileType = sourcecode.c.objc; path = MASViewConstraint.m; sourceTree = "<group>"; };
		A9C64B921DEEF4D900FB2E2D /* NSArray+MASAdditions.h */ = {isa = PBXFileReference; fileEncoding = 4; lastKnownFileType = sourcecode.c.h; path = "NSArray+MASAdditions.h"; sourceTree = "<group>"; };
		A9C64B931DEEF4D900FB2E2D /* NSArray+MASAdditions.m */ = {isa = PBXFileReference; fileEncoding = 4; lastKnownFileType = sourcecode.c.objc; path = "NSArray+MASAdditions.m"; sourceTree = "<group>"; };
		A9C64B941DEEF4D900FB2E2D /* NSArray+MASShorthandAdditions.h */ = {isa = PBXFileReference; fileEncoding = 4; lastKnownFileType = sourcecode.c.h; path = "NSArray+MASShorthandAdditions.h"; sourceTree = "<group>"; };
		A9C64B951DEEF4D900FB2E2D /* NSLayoutConstraint+MASDebugAdditions.h */ = {isa = PBXFileReference; fileEncoding = 4; lastKnownFileType = sourcecode.c.h; path = "NSLayoutConstraint+MASDebugAdditions.h"; sourceTree = "<group>"; };
		A9C64B961DEEF4D900FB2E2D /* NSLayoutConstraint+MASDebugAdditions.m */ = {isa = PBXFileReference; fileEncoding = 4; lastKnownFileType = sourcecode.c.objc; path = "NSLayoutConstraint+MASDebugAdditions.m"; sourceTree = "<group>"; };
		A9C64B971DEEF4D900FB2E2D /* View+MASAdditions.h */ = {isa = PBXFileReference; fileEncoding = 4; lastKnownFileType = sourcecode.c.h; path = "View+MASAdditions.h"; sourceTree = "<group>"; };
		A9C64B981DEEF4D900FB2E2D /* View+MASAdditions.m */ = {isa = PBXFileReference; fileEncoding = 4; lastKnownFileType = sourcecode.c.objc; path = "View+MASAdditions.m"; sourceTree = "<group>"; };
		A9C64B991DEEF4D900FB2E2D /* View+MASShorthandAdditions.h */ = {isa = PBXFileReference; fileEncoding = 4; lastKnownFileType = sourcecode.c.h; path = "View+MASShorthandAdditions.h"; sourceTree = "<group>"; };
		A9C64B9A1DEEF4D900FB2E2D /* ViewController+MASAdditions.h */ = {isa = PBXFileReference; fileEncoding = 4; lastKnownFileType = sourcecode.c.h; path = "ViewController+MASAdditions.h"; sourceTree = "<group>"; };
		A9C64B9B1DEEF4D900FB2E2D /* ViewController+MASAdditions.m */ = {isa = PBXFileReference; fileEncoding = 4; lastKnownFileType = sourcecode.c.objc; path = "ViewController+MASAdditions.m"; sourceTree = "<group>"; };
/* End PBXFileReference section */

/* Begin PBXFrameworksBuildPhase section */
		A9C64B151DEE70CF00FB2E2D /* Frameworks */ = {
			isa = PBXFrameworksBuildPhase;
			buildActionMask = 2147483647;
			files = (
			);
			runOnlyForDeploymentPostprocessing = 0;
		};
		A9C64B2E1DEE70CF00FB2E2D /* Frameworks */ = {
			isa = PBXFrameworksBuildPhase;
			buildActionMask = 2147483647;
			files = (
			);
			runOnlyForDeploymentPostprocessing = 0;
		};
		A9C64B391DEE70CF00FB2E2D /* Frameworks */ = {
			isa = PBXFrameworksBuildPhase;
			buildActionMask = 2147483647;
			files = (
			);
			runOnlyForDeploymentPostprocessing = 0;
		};
/* End PBXFrameworksBuildPhase section */

/* Begin PBXGroup section */
		A9C64B0F1DEE70CF00FB2E2D = {
			isa = PBXGroup;
			children = (
				A9C64B1A1DEE70CF00FB2E2D /* black_War_Box */,
				A9C64B341DEE70CF00FB2E2D /* black_War_BoxTests */,
				A9C64B3F1DEE70CF00FB2E2D /* black_War_BoxUITests */,
				A9C64B191DEE70CF00FB2E2D /* Products */,
			);
			sourceTree = "<group>";
		};
		A9C64B191DEE70CF00FB2E2D /* Products */ = {
			isa = PBXGroup;
			children = (
				A9C64B181DEE70CF00FB2E2D /* black_War_Box.app */,
				A9C64B311DEE70CF00FB2E2D /* black_War_BoxTests.xctest */,
				A9C64B3C1DEE70CF00FB2E2D /* black_War_BoxUITests.xctest */,
			);
			name = Products;
			sourceTree = "<group>";
		};
		A9C64B1A1DEE70CF00FB2E2D /* black_War_Box */ = {
			isa = PBXGroup;
			children = (
				A9C64B811DEEF4BD00FB2E2D /* 3RD */,
				A9C64B4E1DEE711700FB2E2D /* AutoAttentionView */,
				A9C64B1E1DEE70CF00FB2E2D /* AppDelegate.h */,
				A9C64B1F1DEE70CF00FB2E2D /* AppDelegate.m */,
				A9C64B211DEE70CF00FB2E2D /* ViewController.h */,
				A9C64B221DEE70CF00FB2E2D /* ViewController.m */,
				A9C64B241DEE70CF00FB2E2D /* Main.storyboard */,
				A9C64B271DEE70CF00FB2E2D /* Assets.xcassets */,
				A9C64B291DEE70CF00FB2E2D /* LaunchScreen.storyboard */,
				A9C64B2C1DEE70CF00FB2E2D /* Info.plist */,
				A9C64B1B1DEE70CF00FB2E2D /* Supporting Files */,
			);
			path = black_War_Box;
			sourceTree = "<group>";
		};
		A9C64B1B1DEE70CF00FB2E2D /* Supporting Files */ = {
			isa = PBXGroup;
			children = (
				A9C64B1C1DEE70CF00FB2E2D /* main.m */,
			);
			name = "Supporting Files";
			sourceTree = "<group>";
		};
		A9C64B341DEE70CF00FB2E2D /* black_War_BoxTests */ = {
			isa = PBXGroup;
			children = (
				A9C64B351DEE70CF00FB2E2D /* black_War_BoxTests.m */,
				A9C64B371DEE70CF00FB2E2D /* Info.plist */,
			);
			path = black_War_BoxTests;
			sourceTree = "<group>";
		};
		A9C64B3F1DEE70CF00FB2E2D /* black_War_BoxUITests */ = {
			isa = PBXGroup;
			children = (
				A9C64B401DEE70CF00FB2E2D /* black_War_BoxUITests.m */,
				A9C64B421DEE70CF00FB2E2D /* Info.plist */,
			);
			path = black_War_BoxUITests;
			sourceTree = "<group>";
		};
		A9C64B4E1DEE711700FB2E2D /* AutoAttentionView */ = {
			isa = PBXGroup;
			children = (
				A9C64B7A1DEEF3B400FB2E2D /* NoData_Img */,
				A9C64B4F1DEE711700FB2E2D /* AutoAttentionView.h */,
				A9C64B501DEE711700FB2E2D /* AutoAttentionView.m */,
				A9C64B521DEE766A00FB2E2D /* UILabel+aav.h */,
				A9C64B531DEE766A00FB2E2D /* UILabel+aav.m */,
			);
			path = AutoAttentionView;
			sourceTree = "<group>";
		};
		A9C64B7A1DEEF3B400FB2E2D /* NoData_Img */ = {
			isa = PBXGroup;
			children = (
				A9C64B7B1DEEF3B400FB2E2D /* icon_wu.png */,
				A9C64B7C1DEEF3B400FB2E2D /* icon_wu@2x.png */,
				A9C64B7D1DEEF3B400FB2E2D /* icon_wu@3x.png */,
			);
			path = NoData_Img;
			sourceTree = "<group>";
		};
		A9C64B811DEEF4BD00FB2E2D /* 3RD */ = {
			isa = PBXGroup;
			children = (
				A9C64B821DEEF4D900FB2E2D /* Masonry */,
			);
			name = 3RD;
			sourceTree = "<group>";
		};
		A9C64B821DEEF4D900FB2E2D /* Masonry */ = {
			isa = PBXGroup;
			children = (
				A9C64B831DEEF4D900FB2E2D /* MASCompositeConstraint.h */,
				A9C64B841DEEF4D900FB2E2D /* MASCompositeConstraint.m */,
				A9C64B851DEEF4D900FB2E2D /* MASConstraint+Private.h */,
				A9C64B861DEEF4D900FB2E2D /* MASConstraint.h */,
				A9C64B871DEEF4D900FB2E2D /* MASConstraint.m */,
				A9C64B881DEEF4D900FB2E2D /* MASConstraintMaker.h */,
				A9C64B891DEEF4D900FB2E2D /* MASConstraintMaker.m */,
				A9C64B8A1DEEF4D900FB2E2D /* MASLayoutConstraint.h */,
				A9C64B8B1DEEF4D900FB2E2D /* MASLayoutConstraint.m */,
				A9C64B8C1DEEF4D900FB2E2D /* Masonry.h */,
				A9C64B8D1DEEF4D900FB2E2D /* MASUtilities.h */,
				A9C64B8E1DEEF4D900FB2E2D /* MASViewAttribute.h */,
				A9C64B8F1DEEF4D900FB2E2D /* MASViewAttribute.m */,
				A9C64B901DEEF4D900FB2E2D /* MASViewConstraint.h */,
				A9C64B911DEEF4D900FB2E2D /* MASViewConstraint.m */,
				A9C64B921DEEF4D900FB2E2D /* NSArray+MASAdditions.h */,
				A9C64B931DEEF4D900FB2E2D /* NSArray+MASAdditions.m */,
				A9C64B941DEEF4D900FB2E2D /* NSArray+MASShorthandAdditions.h */,
				A9C64B951DEEF4D900FB2E2D /* NSLayoutConstraint+MASDebugAdditions.h */,
				A9C64B961DEEF4D900FB2E2D /* NSLayoutConstraint+MASDebugAdditions.m */,
				A9C64B971DEEF4D900FB2E2D /* View+MASAdditions.h */,
				A9C64B981DEEF4D900FB2E2D /* View+MASAdditions.m */,
				A9C64B991DEEF4D900FB2E2D /* View+MASShorthandAdditions.h */,
				A9C64B9A1DEEF4D900FB2E2D /* ViewController+MASAdditions.h */,
				A9C64B9B1DEEF4D900FB2E2D /* ViewController+MASAdditions.m */,
			);
			path = Masonry;
			sourceTree = "<group>";
		};
/* End PBXGroup section */

/* Begin PBXNativeTarget section */
		A9C64B171DEE70CF00FB2E2D /* black_War_Box */ = {
			isa = PBXNativeTarget;
			buildConfigurationList = A9C64B451DEE70CF00FB2E2D /* Build configuration list for PBXNativeTarget "black_War_Box" */;
			buildPhases = (
				A9C64B141DEE70CF00FB2E2D /* Sources */,
				A9C64B151DEE70CF00FB2E2D /* Frameworks */,
				A9C64B161DEE70CF00FB2E2D /* Resources */,
			);
			buildRules = (
			);
			dependencies = (
			);
			name = black_War_Box;
			productName = black_War_Box;
			productReference = A9C64B181DEE70CF00FB2E2D /* black_War_Box.app */;
			productType = "com.apple.product-type.application";
		};
		A9C64B301DEE70CF00FB2E2D /* black_War_BoxTests */ = {
			isa = PBXNativeTarget;
			buildConfigurationList = A9C64B481DEE70CF00FB2E2D /* Build configuration list for PBXNativeTarget "black_War_BoxTests" */;
			buildPhases = (
				A9C64B2D1DEE70CF00FB2E2D /* Sources */,
				A9C64B2E1DEE70CF00FB2E2D /* Frameworks */,
				A9C64B2F1DEE70CF00FB2E2D /* Resources */,
			);
			buildRules = (
			);
			dependencies = (
				A9C64B331DEE70CF00FB2E2D /* PBXTargetDependency */,
			);
			name = black_War_BoxTests;
			productName = black_War_BoxTests;
			productReference = A9C64B311DEE70CF00FB2E2D /* black_War_BoxTests.xctest */;
			productType = "com.apple.product-type.bundle.unit-test";
		};
		A9C64B3B1DEE70CF00FB2E2D /* black_War_BoxUITests */ = {
			isa = PBXNativeTarget;
			buildConfigurationList = A9C64B4B1DEE70CF00FB2E2D /* Build configuration list for PBXNativeTarget "black_War_BoxUITests" */;
			buildPhases = (
				A9C64B381DEE70CF00FB2E2D /* Sources */,
				A9C64B391DEE70CF00FB2E2D /* Frameworks */,
				A9C64B3A1DEE70CF00FB2E2D /* Resources */,
			);
			buildRules = (
			);
			dependencies = (
				A9C64B3E1DEE70CF00FB2E2D /* PBXTargetDependency */,
			);
			name = black_War_BoxUITests;
			productName = black_War_BoxUITests;
			productReference = A9C64B3C1DEE70CF00FB2E2D /* black_War_BoxUITests.xctest */;
			productType = "com.apple.product-type.bundle.ui-testing";
		};
/* End PBXNativeTarget section */

/* Begin PBXProject section */
		A9C64B101DEE70CF00FB2E2D /* Project object */ = {
			isa = PBXProject;
			attributes = {
				LastUpgradeCheck = 0810;
				ORGANIZATIONNAME = Mac_NJW;
				TargetAttributes = {
					A9C64B171DEE70CF00FB2E2D = {
						CreatedOnToolsVersion = 8.1;
						DevelopmentTeam = QHGU67QPAT;
						ProvisioningStyle = Automatic;
					};
					A9C64B301DEE70CF00FB2E2D = {
						CreatedOnToolsVersion = 8.1;
						DevelopmentTeam = QHGU67QPAT;
						ProvisioningStyle = Automatic;
						TestTargetID = A9C64B171DEE70CF00FB2E2D;
					};
					A9C64B3B1DEE70CF00FB2E2D = {
						CreatedOnToolsVersion = 8.1;
						DevelopmentTeam = QHGU67QPAT;
						ProvisioningStyle = Automatic;
						TestTargetID = A9C64B171DEE70CF00FB2E2D;
					};
				};
			};
			buildConfigurationList = A9C64B131DEE70CF00FB2E2D /* Build configuration list for PBXProject "black_War_Box" */;
			compatibilityVersion = "Xcode 3.2";
			developmentRegion = English;
			hasScannedForEncodings = 0;
			knownRegions = (
				en,
				Base,
			);
			mainGroup = A9C64B0F1DEE70CF00FB2E2D;
			productRefGroup = A9C64B191DEE70CF00FB2E2D /* Products */;
			projectDirPath = "";
			projectRoot = "";
			targets = (
				A9C64B171DEE70CF00FB2E2D /* black_War_Box */,
				A9C64B301DEE70CF00FB2E2D /* black_War_BoxTests */,
				A9C64B3B1DEE70CF00FB2E2D /* black_War_BoxUITests */,
			);
		};
/* End PBXProject section */

/* Begin PBXResourcesBuildPhase section */
		A9C64B161DEE70CF00FB2E2D /* Resources */ = {
			isa = PBXResourcesBuildPhase;
			buildActionMask = 2147483647;
			files = (
				A9C64B2B1DEE70CF00FB2E2D /* LaunchScreen.storyboard in Resources */,
				A9C64B281DEE70CF00FB2E2D /* Assets.xcassets in Resources */,
				A9C64B7E1DEEF3B400FB2E2D /* icon_wu.png in Resources */,
				A9C64B261DEE70CF00FB2E2D /* Main.storyboard in Resources */,
				A9C64B801DEEF3B400FB2E2D /* icon_wu@3x.png in Resources */,
				A9C64B7F1DEEF3B400FB2E2D /* icon_wu@2x.png in Resources */,
			);
			runOnlyForDeploymentPostprocessing = 0;
		};
		A9C64B2F1DEE70CF00FB2E2D /* Resources */ = {
			isa = PBXResourcesBuildPhase;
			buildActionMask = 2147483647;
			files = (
			);
			runOnlyForDeploymentPostprocessing = 0;
		};
		A9C64B3A1DEE70CF00FB2E2D /* Resources */ = {
			isa = PBXResourcesBuildPhase;
			buildActionMask = 2147483647;
			files = (
			);
			runOnlyForDeploymentPostprocessing = 0;
		};
/* End PBXResourcesBuildPhase section */

/* Begin PBXSourcesBuildPhase section */
		A9C64B141DEE70CF00FB2E2D /* Sources */ = {
			isa = PBXSourcesBuildPhase;
			buildActionMask = 2147483647;
			files = (
				A9C64BA31DEEF4D900FB2E2D /* NSLayoutConstraint+MASDebugAdditions.m in Sources */,
				A9C64B511DEE711700FB2E2D /* AutoAttentionView.m in Sources */,
				A9C64BA11DEEF4D900FB2E2D /* MASViewConstraint.m in Sources */,
				A9C64B231DEE70CF00FB2E2D /* ViewController.m in Sources */,
				A9C64B541DEE766A00FB2E2D /* UILabel+aav.m in Sources */,
				A9C64B201DEE70CF00FB2E2D /* AppDelegate.m in Sources */,
				A9C64BA41DEEF4D900FB2E2D /* View+MASAdditions.m in Sources */,
				A9C64B9C1DEEF4D900FB2E2D /* MASCompositeConstraint.m in Sources */,
				A9C64BA01DEEF4D900FB2E2D /* MASViewAttribute.m in Sources */,
				A9C64B9E1DEEF4D900FB2E2D /* MASConstraintMaker.m in Sources */,
				A9C64BA21DEEF4D900FB2E2D /* NSArray+MASAdditions.m in Sources */,
				A9C64BA51DEEF4D900FB2E2D /* ViewController+MASAdditions.m in Sources */,
				A9C64B9D1DEEF4D900FB2E2D /* MASConstraint.m in Sources */,
				A9C64B9F1DEEF4D900FB2E2D /* MASLayoutConstraint.m in Sources */,
				A9C64B1D1DEE70CF00FB2E2D /* main.m in Sources */,
			);
			runOnlyForDeploymentPostprocessing = 0;
		};
		A9C64B2D1DEE70CF00FB2E2D /* Sources */ = {
			isa = PBXSourcesBuildPhase;
			buildActionMask = 2147483647;
			files = (
				A9C64B361DEE70CF00FB2E2D /* black_War_BoxTests.m in Sources */,
			);
			runOnlyForDeploymentPostprocessing = 0;
		};
		A9C64B381DEE70CF00FB2E2D /* Sources */ = {
			isa = PBXSourcesBuildPhase;
			buildActionMask = 2147483647;
			files = (
				A9C64B411DEE70CF00FB2E2D /* black_War_BoxUITests.m in Sources */,
			);
			runOnlyForDeploymentPostprocessing = 0;
		};
/* End PBXSourcesBuildPhase section */

/* Begin PBXTargetDependency section */
		A9C64B331DEE70CF00FB2E2D /* PBXTargetDependency */ = {
			isa = PBXTargetDependency;
			target = A9C64B171DEE70CF00FB2E2D /* black_War_Box */;
			targetProxy = A9C64B321DEE70CF00FB2E2D /* PBXContainerItemProxy */;
		};
		A9C64B3E1DEE70CF00FB2E2D /* PBXTargetDependency */ = {
			isa = PBXTargetDependency;
			target = A9C64B171DEE70CF00FB2E2D /* black_War_Box */;
			targetProxy = A9C64B3D1DEE70CF00FB2E2D /* PBXContainerItemProxy */;
		};
/* End PBXTargetDependency section */

/* Begin PBXVariantGroup section */
		A9C64B241DEE70CF00FB2E2D /* Main.storyboard */ = {
			isa = PBXVariantGroup;
			children = (
				A9C64B251DEE70CF00FB2E2D /* Base */,
			);
			name = Main.storyboard;
			sourceTree = "<group>";
		};
		A9C64B291DEE70CF00FB2E2D /* LaunchScreen.storyboard */ = {
			isa = PBXVariantGroup;
			children = (
				A9C64B2A1DEE70CF00FB2E2D /* Base */,
			);
			name = LaunchScreen.storyboard;
			sourceTree = "<group>";
		};
/* End PBXVariantGroup section */

/* Begin XCBuildConfiguration section */
		A9C64B431DEE70CF00FB2E2D /* Debug */ = {
			isa = XCBuildConfiguration;
			buildSettings = {
				ALWAYS_SEARCH_USER_PATHS = NO;
				CLANG_ANALYZER_NONNULL = YES;
				CLANG_CXX_LANGUAGE_STANDARD = "gnu++0x";
				CLANG_CXX_LIBRARY = "libc++";
				CLANG_ENABLE_MODULES = YES;
				CLANG_ENABLE_OBJC_ARC = YES;
				CLANG_WARN_BOOL_CONVERSION = YES;
				CLANG_WARN_CONSTANT_CONVERSION = YES;
				CLANG_WARN_DIRECT_OBJC_ISA_USAGE = YES_ERROR;
				CLANG_WARN_DOCUMENTATION_COMMENTS = YES;
				CLANG_WARN_EMPTY_BODY = YES;
				CLANG_WARN_ENUM_CONVERSION = YES;
				CLANG_WARN_INFINITE_RECURSION = YES;
				CLANG_WARN_INT_CONVERSION = YES;
				CLANG_WARN_OBJC_ROOT_CLASS = YES_ERROR;
				CLANG_WARN_SUSPICIOUS_MOVES = YES;
				CLANG_WARN_UNREACHABLE_CODE = YES;
				CLANG_WARN__DUPLICATE_METHOD_MATCH = YES;
				"CODE_SIGN_IDENTITY[sdk=iphoneos*]" = "iPhone Developer";
				COPY_PHASE_STRIP = NO;
				DEBUG_INFORMATION_FORMAT = dwarf;
				ENABLE_STRICT_OBJC_MSGSEND = YES;
				ENABLE_TESTABILITY = YES;
				GCC_C_LANGUAGE_STANDARD = gnu99;
				GCC_DYNAMIC_NO_PIC = NO;
				GCC_NO_COMMON_BLOCKS = YES;
				GCC_OPTIMIZATION_LEVEL = 0;
				GCC_PREPROCESSOR_DEFINITIONS = (
					"DEBUG=1",
					"$(inherited)",
				);
				GCC_WARN_64_TO_32_BIT_CONVERSION = YES;
				GCC_WARN_ABOUT_RETURN_TYPE = YES_ERROR;
				GCC_WARN_UNDECLARED_SELECTOR = YES;
				GCC_WARN_UNINITIALIZED_AUTOS = YES_AGGRESSIVE;
				GCC_WARN_UNUSED_FUNCTION = YES;
				GCC_WARN_UNUSED_VARIABLE = YES;
				IPHONEOS_DEPLOYMENT_TARGET = 10.1;
				MTL_ENABLE_DEBUG_INFO = YES;
				ONLY_ACTIVE_ARCH = YES;
				SDKROOT = iphoneos;
			};
			name = Debug;
		};
		A9C64B441DEE70CF00FB2E2D /* Release */ = {
			isa = XCBuildConfiguration;
			buildSettings = {
				ALWAYS_SEARCH_USER_PATHS = NO;
				CLANG_ANALYZER_NONNULL = YES;
				CLANG_CXX_LANGUAGE_STANDARD = "gnu++0x";
				CLANG_CXX_LIBRARY = "libc++";
				CLANG_ENABLE_MODULES = YES;
				CLANG_ENABLE_OBJC_ARC = YES;
				CLANG_WARN_BOOL_CONVERSION = YES;
				CLANG_WARN_CONSTANT_CONVERSION = YES;
				CLANG_WARN_DIRECT_OBJC_ISA_USAGE = YES_ERROR;
				CLANG_WARN_DOCUMENTATION_COMMENTS = YES;
				CLANG_WARN_EMPTY_BODY = YES;
				CLANG_WARN_ENUM_CONVERSION = YES;
				CLANG_WARN_INFINITE_RECURSION = YES;
				CLANG_WARN_INT_CONVERSION = YES;
				CLANG_WARN_OBJC_ROOT_CLASS = YES_ERROR;
				CLANG_WARN_SUSPICIOUS_MOVES = YES;
				CLANG_WARN_UNREACHABLE_CODE = YES;
				CLANG_WARN__DUPLICATE_METHOD_MATCH = YES;
				"CODE_SIGN_IDENTITY[sdk=iphoneos*]" = "iPhone Developer";
				COPY_PHASE_STRIP = NO;
				DEBUG_INFORMATION_FORMAT = "dwarf-with-dsym";
				ENABLE_NS_ASSERTIONS = NO;
				ENABLE_STRICT_OBJC_MSGSEND = YES;
				GCC_C_LANGUAGE_STANDARD = gnu99;
				GCC_NO_COMMON_BLOCKS = YES;
				GCC_WARN_64_TO_32_BIT_CONVERSION = YES;
				GCC_WARN_ABOUT_RETURN_TYPE = YES_ERROR;
				GCC_WARN_UNDECLARED_SELECTOR = YES;
				GCC_WARN_UNINITIALIZED_AUTOS = YES_AGGRESSIVE;
				GCC_WARN_UNUSED_FUNCTION = YES;
				GCC_WARN_UNUSED_VARIABLE = YES;
				IPHONEOS_DEPLOYMENT_TARGET = 10.1;
				MTL_ENABLE_DEBUG_INFO = NO;
				SDKROOT = iphoneos;
				VALIDATE_PRODUCT = YES;
			};
			name = Release;
		};
		A9C64B461DEE70CF00FB2E2D /* Debug */ = {
			isa = XCBuildConfiguration;
			buildSettings = {
				ASSETCATALOG_COMPILER_APPICON_NAME = AppIcon;
				DEVELOPMENT_TEAM = QHGU67QPAT;
				INFOPLIST_FILE = black_War_Box/Info.plist;
				LD_RUNPATH_SEARCH_PATHS = "$(inherited) @executable_path/Frameworks";
				PRODUCT_BUNDLE_IDENTIFIER = "com.Block-demo.black-War-Box";
				PRODUCT_NAME = "$(TARGET_NAME)";
			};
			name = Debug;
		};
		A9C64B471DEE70CF00FB2E2D /* Release */ = {
			isa = XCBuildConfiguration;
			buildSettings = {
				ASSETCATALOG_COMPILER_APPICON_NAME = AppIcon;
				DEVELOPMENT_TEAM = QHGU67QPAT;
				INFOPLIST_FILE = black_War_Box/Info.plist;
				LD_RUNPATH_SEARCH_PATHS = "$(inherited) @executable_path/Frameworks";
				PRODUCT_BUNDLE_IDENTIFIER = "com.Block-demo.black-War-Box";
				PRODUCT_NAME = "$(TARGET_NAME)";
			};
			name = Release;
		};
		A9C64B491DEE70CF00FB2E2D /* Debug */ = {
			isa = XCBuildConfiguration;
			buildSettings = {
				BUNDLE_LOADER = "$(TEST_HOST)";
				DEVELOPMENT_TEAM = QHGU67QPAT;
				INFOPLIST_FILE = black_War_BoxTests/Info.plist;
				LD_RUNPATH_SEARCH_PATHS = "$(inherited) @executable_path/Frameworks @loader_path/Frameworks";
				PRODUCT_BUNDLE_IDENTIFIER = "com.Block-demo.black-War-BoxTests";
				PRODUCT_NAME = "$(TARGET_NAME)";
				TEST_HOST = "$(BUILT_PRODUCTS_DIR)/black_War_Box.app/black_War_Box";
			};
			name = Debug;
		};
		A9C64B4A1DEE70CF00FB2E2D /* Release */ = {
			isa = XCBuildConfiguration;
			buildSettings = {
				BUNDLE_LOADER = "$(TEST_HOST)";
				DEVELOPMENT_TEAM = QHGU67QPAT;
				INFOPLIST_FILE = black_War_BoxTests/Info.plist;
				LD_RUNPATH_SEARCH_PATHS = "$(inherited) @executable_path/Frameworks @loader_path/Frameworks";
				PRODUCT_BUNDLE_IDENTIFIER = "com.Block-demo.black-War-BoxTests";
				PRODUCT_NAME = "$(TARGET_NAME)";
				TEST_HOST = "$(BUILT_PRODUCTS_DIR)/black_War_Box.app/black_War_Box";
			};
			name = Release;
		};
		A9C64B4C1DEE70CF00FB2E2D /* Debug */ = {
			isa = XCBuildConfiguration;
			buildSettings = {
				DEVELOPMENT_TEAM = QHGU67QPAT;
				INFOPLIST_FILE = black_War_BoxUITests/Info.plist;
				LD_RUNPATH_SEARCH_PATHS = "$(inherited) @executable_path/Frameworks @loader_path/Frameworks";
				PRODUCT_BUNDLE_IDENTIFIER = "com.Block-demo.black-War-BoxUITests";
				PRODUCT_NAME = "$(TARGET_NAME)";
				TEST_TARGET_NAME = black_War_Box;
			};
			name = Debug;
		};
		A9C64B4D1DEE70CF00FB2E2D /* Release */ = {
			isa = XCBuildConfiguration;
			buildSettings = {
				DEVELOPMENT_TEAM = QHGU67QPAT;
				INFOPLIST_FILE = black_War_BoxUITests/Info.plist;
				LD_RUNPATH_SEARCH_PATHS = "$(inherited) @executable_path/Frameworks @loader_path/Frameworks";
				PRODUCT_BUNDLE_IDENTIFIER = "com.Block-demo.black-War-BoxUITests";
				PRODUCT_NAME = "$(TARGET_NAME)";
				TEST_TARGET_NAME = black_War_Box;
			};
			name = Release;
		};
/* End XCBuildConfiguration section */

/* Begin XCConfigurationList section */
		A9C64B131DEE70CF00FB2E2D /* Build configuration list for PBXProject "black_War_Box" */ = {
			isa = XCConfigurationList;
			buildConfigurations = (
				A9C64B431DEE70CF00FB2E2D /* Debug */,
				A9C64B441DEE70CF00FB2E2D /* Release */,
			);
			defaultConfigurationIsVisible = 0;
			defaultConfigurationName = Release;
		};
		A9C64B451DEE70CF00FB2E2D /* Build configuration list for PBXNativeTarget "black_War_Box" */ = {
			isa = XCConfigurationList;
			buildConfigurations = (
				A9C64B461DEE70CF00FB2E2D /* Debug */,
				A9C64B471DEE70CF00FB2E2D /* Release */,
			);
			defaultConfigurationIsVisible = 0;
			defaultConfigurationName = Release;
		};
		A9C64B481DEE70CF00FB2E2D /* Build configuration list for PBXNativeTarget "black_War_BoxTests" */ = {
			isa = XCConfigurationList;
			buildConfigurations = (
				A9C64B491DEE70CF00FB2E2D /* Debug */,
				A9C64B4A1DEE70CF00FB2E2D /* Release */,
			);
			defaultConfigurationIsVisible = 0;
			defaultConfigurationName = Release;
		};
		A9C64B4B1DEE70CF00FB2E2D /* Build configuration list for PBXNativeTarget "black_War_BoxUITests" */ = {
			isa = XCConfigurationList;
			buildConfigurations = (
				A9C64B4C1DEE70CF00FB2E2D /* Debug */,
				A9C64B4D1DEE70CF00FB2E2D /* Release */,
			);
			defaultConfigurationIsVisible = 0;
			defaultConfigurationName = Release;
		};
/* End XCConfigurationList section */
	};
	rootObject = A9C64B101DEE70CF00FB2E2D /* Project object */;
}
